
Microsoft Visual Studio Solution File, Format Version 12.00
# Visual Studio Version 17
VisualStudioVersion = 17.9.34622.214
MinimumVisualStudioVersion = 10.0.40219.1
Project("{9A19103F-16F7-4668-BE54-9A1E7A4F7556}") = "DevIO.Data", "src\DevIO.Data\DevIO.Data.csproj", "{5D803DE6-D1A6-46D4-89EA-8F42E57A727F}"
EndProject
Project("{9A19103F-16F7-4668-BE54-9A1E7A4F7556}") = "DevIO.Business", "src\DevIO.Business\DevIO.Business.csproj", "{46AF5C2C-E8D3-4C8E-B40D-A7EE2B6EEFB9}"
EndProject
Project("{9A19103F-16F7-4668-BE54-9A1E7A4F7556}") = "DevIO.API", "src\DevIO.API\DevIO.API.csproj", "{C5EB5B15-E242-452F-ABCD-2D41ACF4848C}"
EndProject
Project("{FAE04EC0-301F-11D3-BF4B-00C04F79EFBC}") = "DevIO.Blazor", "src\DevIO.Blazor\DevIO.Blazor\DevIO.Blazor.csproj", "{096DBD9F-3818-4417-86A0-F6D419E13845}"
EndProject
Project("{FAE04EC0-301F-11D3-BF4B-00C04F79EFBC}") = "DevIO.Blazor.Client", "src\DevIO.Blazor\DevIO.Blazor.Client\DevIO.Blazor.Client.csproj", "{5223B516-9D17-4DFC-B700-8CF66DD03267}"
EndProject
Global
	GlobalSection(SolutionConfigurationPlatforms) = preSolution
		Debug|Any CPU = Debug|Any CPU
		Release|Any CPU = Release|Any CPU
	EndGlobalSection
	GlobalSection(ProjectConfigurationPlatforms) = postSolution
		{5D803DE6-D1A6-46D4-89EA-8F42E57A727F}.Debug|Any CPU.ActiveCfg = Debug|Any CPU
		{5D803DE6-D1A6-46D4-89EA-8F42E57A727F}.Debug|Any CPU.Build.0 = Debug|Any CPU
		{5D803DE6-D1A6-46D4-89EA-8F42E57A727F}.Release|Any CPU.ActiveCfg = Release|Any CPU
		{5D803DE6-D1A6-46D4-89EA-8F42E57A727F}.Release|Any CPU.Build.0 = Release|Any CPU
		{46AF5C2C-E8D3-4C8E-B40D-A7EE2B6EEFB9}.Debug|Any CPU.ActiveCfg = Debug|Any CPU
		{46AF5C2C-E8D3-4C8E-B40D-A7EE2B6EEFB9}.Debug|Any CPU.Build.0 = Debug|Any CPU
		{46AF5C2C-E8D3-4C8E-B40D-A7EE2B6EEFB9}.Release|Any CPU.ActiveCfg = Release|Any CPU
		{46AF5C2C-E8D3-4C8E-B40D-A7EE2B6EEFB9}.Release|Any CPU.Build.0 = Release|Any CPU
		{C5EB5B15-E242-452F-ABCD-2D41ACF4848C}.Debug|Any CPU.ActiveCfg = Debug|Any CPU
		{C5EB5B15-E242-452F-ABCD-2D41ACF4848C}.Debug|Any CPU.Build.0 = Debug|Any CPU
		{C5EB5B15-E242-452F-ABCD-2D41ACF4848C}.Release|Any CPU.ActiveCfg = Release|Any CPU
		{C5EB5B15-E242-452F-ABCD-2D41ACF4848C}.Release|Any CPU.Build.0 = Release|Any CPU
		{096DBD9F-3818-4417-86A0-F6D419E13845}.Debug|Any CPU.ActiveCfg = Debug|Any CPU
		{096DBD9F-3818-4417-86A0-F6D419E13845}.Debug|Any CPU.Build.0 = Debug|Any CPU
		{096DBD9F-3818-4417-86A0-F6D419E13845}.Release|Any CPU.ActiveCfg = Release|Any CPU
		{096DBD9F-3818-4417-86A0-F6D419E13845}.Release|Any CPU.Build.0 = Release|Any CPU
		{5223B516-9D17-4DFC-B700-8CF66DD03267}.Debug|Any CPU.ActiveCfg = Debug|Any CPU
		{5223B516-9D17-4DFC-B700-8CF66DD03267}.Debug|Any CPU.Build.0 = Debug|Any CPU
		{5223B516-9D17-4DFC-B700-8CF66DD03267}.Release|Any CPU.ActiveCfg = Release|Any CPU
		{5223B516-9D17-4DFC-B700-8CF66DD03267}.Release|Any CPU.Build.0 = Release|Any CPU
	EndGlobalSection
	GlobalSection(SolutionProperties) = preSolution
		HideSolutionNode = FALSE
	EndGlobalSection
	GlobalSection(ExtensibilityGlobals) = postSolution
		SolutionGuid = {4064A046-77BD-4688-9FF9-887EB733EB85}
	EndGlobalSection
EndGlobal
